
Microsoft Visual Studio Solution File, Format Version 12.00
# Visual Studio Version 17
VisualStudioVersion = 17.2.32331.420
MinimumVisualStudioVersion = 10.0.40219.1
Project("{FAE04EC0-301F-11D3-BF4B-00C04F79EFBC}") = "WebFrontEnd", "WebFrontEnd\WebFrontEnd.csproj", "{6A1AA93E-E57B-4C5E-AA76-7A5331365EAE}"
EndProject
Project("{FAE04EC0-301F-11D3-BF4B-00C04F79EFBC}") = "WebApi", "WebApi\WebApi.csproj", "{759A3015-C002-4D91-8DEB-F04785C2D10A}"
EndProject
Project("{E53339B2-1760-4266-BCC7-CA923CBCF16C}") = "docker-compose", "docker-compose.dcproj", "{457CD213-4702-4FA9-B85B-208CA1C1FB73}"
EndProject
Global
	GlobalSection(SolutionConfigurationPlatforms) = preSolution
		Debug|Any CPU = Debug|Any CPU
		Release|Any CPU = Release|Any CPU
	EndGlobalSection
	GlobalSection(ProjectConfigurationPlatforms) = postSolution
		{6A1AA93E-E57B-4C5E-AA76-7A5331365EAE}.Debug|Any CPU.ActiveCfg = Debug|Any CPU
		{6A1AA93E-E57B-4C5E-AA76-7A5331365EAE}.Debug|Any CPU.Build.0 = Debug|Any CPU
		{6A1AA93E-E57B-4C5E-AA76-7A5331365EAE}.Release|Any CPU.ActiveCfg = Release|Any CPU
		{6A1AA93E-E57B-4C5E-AA76-7A5331365EAE}.Release|Any CPU.Build.0 = Release|Any CPU
		{759A3015-C002-4D91-8DEB-F04785C2D10A}.Debug|Any CPU.ActiveCfg = Debug|Any CPU
		{759A3015-C002-4D91-8DEB-F04785C2D10A}.Debug|Any CPU.Build.0 = Debug|Any CPU
		{759A3015-C002-4D91-8DEB-F04785C2D10A}.Release|Any CPU.ActiveCfg = Release|Any CPU
		{759A3015-C002-4D91-8DEB-F04785C2D10A}.Release|Any CPU.Build.0 = Release|Any CPU
		{457CD213-4702-4FA9-B85B-208CA1C1FB73}.Debug|Any CPU.ActiveCfg = Debug|Any CPU
		{457CD213-4702-4FA9-B85B-208CA1C1FB73}.Debug|Any CPU.Build.0 = Debug|Any CPU
		{457CD213-4702-4FA9-B85B-208CA1C1FB73}.Release|Any CPU.ActiveCfg = Release|Any CPU
		{457CD213-4702-4FA9-B85B-208CA1C1FB73}.Release|Any CPU.Build.0 = Release|Any CPU
	EndGlobalSection
	GlobalSection(SolutionProperties) = preSolution
		HideSolutionNode = FALSE
	EndGlobalSection
	GlobalSection(ExtensibilityGlobals) = postSolution
		SolutionGuid = {9CDA846A-037E-45A1-B2F7-A71495ED3BCA}
	EndGlobalSection
EndGlobal
